
Microsoft Visual Studio Solution File, Format Version 12.00
# Visual Studio 14
VisualStudioVersion = 14.0.23107.0
MinimumVisualStudioVersion = 10.0.40219.1
Project("{FAE04EC0-301F-11D3-BF4B-00C04F79EFBC}") = "AvenueEntrega.Rules", "AvenueEntrega.Rules\AvenueEntrega.Rules.csproj", "{E5D41D1B-B9F5-4E64-9351-2DC18759A4A8}"
EndProject
Project("{2150E333-8FDC-42A3-9474-1A3956D46DE8}") = "1.Delivery Bounded Context", "1.Delivery Bounded Context", "{23B5EFF8-54FF-4DDE-93A3-F79EABCBBABD}"
EndProject
Project("{FAE04EC0-301F-11D3-BF4B-00C04F79EFBC}") = "AvenueEntrega.Model", "AvenueEntrega.Model\AvenueEntrega.Model.csproj", "{372EB104-48F2-48C3-9585-FFDBA6E1C641}"
EndProject
Project("{FAE04EC0-301F-11D3-BF4B-00C04F79EFBC}") = "AvenueEntrega.Services", "AvenueEntrega.Services\AvenueEntrega.Services.csproj", "{237CC1BE-BE76-430C-A1D7-248070FE7438}"
EndProject
Project("{2150E333-8FDC-42A3-9474-1A3956D46DE8}") = "1.1.DomainModel", "1.1.DomainModel", "{40D0C83D-E812-49BA-9259-0DE2D68C97C1}"
EndProject
Project("{2150E333-8FDC-42A3-9474-1A3956D46DE8}") = "1.2.Repository", "1.2.Repository", "{C6279A88-5541-4DD9-BFB9-38C5DFEA2235}"
EndProject
Project("{2150E333-8FDC-42A3-9474-1A3956D46DE8}") = "1.2.Services", "1.2.Services", "{0BB504AF-3F86-4D49-BEF3-B98F6C871DA0}"
EndProject
Project("{2150E333-8FDC-42A3-9474-1A3956D46DE8}") = "1.3.Presentation", "1.3.Presentation", "{7687E5AE-4393-4013-9EA9-607AF87FD8B3}"
EndProject
Project("{FAE04EC0-301F-11D3-BF4B-00C04F79EFBC}") = "AvenueEntrega.Rules.UnitTest", "AvenueEntrega.Rules.UnitTest\AvenueEntrega.Rules.UnitTest.csproj", "{541FFF2F-7157-4280-8378-2501324E6069}"
EndProject
Project("{FAE04EC0-301F-11D3-BF4B-00C04F79EFBC}") = "AvenueEntrega.DataContracts", "AvenueEntrega.DataContracts\AvenueEntrega.DataContracts.csproj", "{064CA8A7-26FE-4275-A0B8-F7FD2B7BC6CB}"
EndProject
Project("{FAE04EC0-301F-11D3-BF4B-00C04F79EFBC}") = "AvenueEntrega.RepositoryFile", "AvenueEntrega.RepositoryFile\AvenueEntrega.RepositoryFile.csproj", "{E8F70F2E-D67A-49AD-A361-D41718699733}"
EndProject
Project("{FAE04EC0-301F-11D3-BF4B-00C04F79EFBC}") = "AvenueEntrega.RepositoryNHibernate", "AvenueEntrega.RepositoryNHibernate\AvenueEntrega.RepositoryNHibernate.csproj", "{8E4FA622-140D-4E02-AEC9-8B16C47DF389}"
EndProject
Project("{FAE04EC0-301F-11D3-BF4B-00C04F79EFBC}") = "AvenueEntrega.ServiceContracts", "AvenueEntrega.ServiceContracts\AvenueEntrega.ServiceContracts.csproj", "{BC88E90E-3054-4E0C-B5E1-DF337BC22231}"
EndProject
Project("{FAE04EC0-301F-11D3-BF4B-00C04F79EFBC}") = "AvenueEntrega.Services.UnitTest", "AvenueEntrega.Services.UnitTest\AvenueEntrega.Services.UnitTest.csproj", "{0CF2B815-0724-48DD-8F14-CBE5C68844BF}"
EndProject
Project("{FAE04EC0-301F-11D3-BF4B-00C04F79EFBC}") = "AvenueEntrega.Web.MVC", "AvenueEntrega.Web.MVC\AvenueEntrega.Web.MVC.csproj", "{B1C92AD5-01F0-4B69-AF4E-FAC408BB337C}"
EndProject
Project("{FAE04EC0-301F-11D3-BF4B-00C04F79EFBC}") = "AvenueEntrega.Service.ETL", "AvenueEntrega.Service.ETL\AvenueEntrega.Service.ETL.csproj", "{65F7206B-427D-4644-A5CC-344085B2CFAC}"
EndProject
Project("{FAE04EC0-301F-11D3-BF4B-00C04F79EFBC}") = "AvenueEntrega.Service.ETL.IntegratedTest", "AvenueEntrega.Service.ETL.IntegratedTest\AvenueEntrega.Service.ETL.IntegratedTest.csproj", "{EAFB5221-237B-4DE7-A75F-BA33B654951B}"
EndProject
Project("{FAE04EC0-301F-11D3-BF4B-00C04F79EFBC}") = "AvenueEntrega.RepositoryNHIbernate.IntegratedTest", "AvenueEntrega.RepositoryNHIbernate.IntegratedTest\AvenueEntrega.RepositoryNHIbernate.IntegratedTest.csproj", "{13BD1E17-1F4E-4D61-8740-F8CB39552AA0}"
EndProject
Project("{2150E333-8FDC-42A3-9474-1A3956D46DE8}") = "1.0.Infrastructure", "1.0.Infrastructure", "{C5F08EB1-15F3-4F26-AA1B-B66E16108109}"
EndProject
Project("{FAE04EC0-301F-11D3-BF4B-00C04F79EFBC}") = "AvenueEntrega.I18N", "AvenueEntrega.I18N\AvenueEntrega.I18N.csproj", "{497E5EEA-8DAA-452B-A9A6-A4766898FE0B}"
EndProject
Project("{FAE04EC0-301F-11D3-BF4B-00C04F79EFBC}") = "AvenueEntrega.Infrastructure", "AvenueEntrega.Infrastructure\AvenueEntrega.Infrastructure.csproj", "{9C2D4024-243D-4AE8-93AD-872F1E457AF3}"
EndProject
Global
	GlobalSection(SolutionConfigurationPlatforms) = preSolution
		Debug|Any CPU = Debug|Any CPU
		Release|Any CPU = Release|Any CPU
	EndGlobalSection
	GlobalSection(ProjectConfigurationPlatforms) = postSolution
		{E5D41D1B-B9F5-4E64-9351-2DC18759A4A8}.Debug|Any CPU.ActiveCfg = Debug|Any CPU
		{E5D41D1B-B9F5-4E64-9351-2DC18759A4A8}.Debug|Any CPU.Build.0 = Debug|Any CPU
		{E5D41D1B-B9F5-4E64-9351-2DC18759A4A8}.Release|Any CPU.ActiveCfg = Release|Any CPU
		{E5D41D1B-B9F5-4E64-9351-2DC18759A4A8}.Release|Any CPU.Build.0 = Release|Any CPU
		{372EB104-48F2-48C3-9585-FFDBA6E1C641}.Debug|Any CPU.ActiveCfg = Debug|Any CPU
		{372EB104-48F2-48C3-9585-FFDBA6E1C641}.Debug|Any CPU.Build.0 = Debug|Any CPU
		{372EB104-48F2-48C3-9585-FFDBA6E1C641}.Release|Any CPU.ActiveCfg = Release|Any CPU
		{372EB104-48F2-48C3-9585-FFDBA6E1C641}.Release|Any CPU.Build.0 = Release|Any CPU
		{237CC1BE-BE76-430C-A1D7-248070FE7438}.Debug|Any CPU.ActiveCfg = Debug|Any CPU
		{237CC1BE-BE76-430C-A1D7-248070FE7438}.Debug|Any CPU.Build.0 = Debug|Any CPU
		{237CC1BE-BE76-430C-A1D7-248070FE7438}.Release|Any CPU.ActiveCfg = Release|Any CPU
		{237CC1BE-BE76-430C-A1D7-248070FE7438}.Release|Any CPU.Build.0 = Release|Any CPU
		{541FFF2F-7157-4280-8378-2501324E6069}.Debug|Any CPU.ActiveCfg = Debug|Any CPU
		{541FFF2F-7157-4280-8378-2501324E6069}.Debug|Any CPU.Build.0 = Debug|Any CPU
		{541FFF2F-7157-4280-8378-2501324E6069}.Release|Any CPU.ActiveCfg = Release|Any CPU
		{541FFF2F-7157-4280-8378-2501324E6069}.Release|Any CPU.Build.0 = Release|Any CPU
		{064CA8A7-26FE-4275-A0B8-F7FD2B7BC6CB}.Debug|Any CPU.ActiveCfg = Debug|Any CPU
		{064CA8A7-26FE-4275-A0B8-F7FD2B7BC6CB}.Debug|Any CPU.Build.0 = Debug|Any CPU
		{064CA8A7-26FE-4275-A0B8-F7FD2B7BC6CB}.Release|Any CPU.ActiveCfg = Release|Any CPU
		{064CA8A7-26FE-4275-A0B8-F7FD2B7BC6CB}.Release|Any CPU.Build.0 = Release|Any CPU
		{E8F70F2E-D67A-49AD-A361-D41718699733}.Debug|Any CPU.ActiveCfg = Debug|Any CPU
		{E8F70F2E-D67A-49AD-A361-D41718699733}.Debug|Any CPU.Build.0 = Debug|Any CPU
		{E8F70F2E-D67A-49AD-A361-D41718699733}.Release|Any CPU.ActiveCfg = Release|Any CPU
		{E8F70F2E-D67A-49AD-A361-D41718699733}.Release|Any CPU.Build.0 = Release|Any CPU
		{8E4FA622-140D-4E02-AEC9-8B16C47DF389}.Debug|Any CPU.ActiveCfg = Debug|Any CPU
		{8E4FA622-140D-4E02-AEC9-8B16C47DF389}.Debug|Any CPU.Build.0 = Debug|Any CPU
		{8E4FA622-140D-4E02-AEC9-8B16C47DF389}.Release|Any CPU.ActiveCfg = Release|Any CPU
		{8E4FA622-140D-4E02-AEC9-8B16C47DF389}.Release|Any CPU.Build.0 = Release|Any CPU
		{BC88E90E-3054-4E0C-B5E1-DF337BC22231}.Debug|Any CPU.ActiveCfg = Debug|Any CPU
		{BC88E90E-3054-4E0C-B5E1-DF337BC22231}.Debug|Any CPU.Build.0 = Debug|Any CPU
		{BC88E90E-3054-4E0C-B5E1-DF337BC22231}.Release|Any CPU.ActiveCfg = Release|Any CPU
		{BC88E90E-3054-4E0C-B5E1-DF337BC22231}.Release|Any CPU.Build.0 = Release|Any CPU
		{0CF2B815-0724-48DD-8F14-CBE5C68844BF}.Debug|Any CPU.ActiveCfg = Debug|Any CPU
		{0CF2B815-0724-48DD-8F14-CBE5C68844BF}.Debug|Any CPU.Build.0 = Debug|Any CPU
		{0CF2B815-0724-48DD-8F14-CBE5C68844BF}.Release|Any CPU.ActiveCfg = Release|Any CPU
		{0CF2B815-0724-48DD-8F14-CBE5C68844BF}.Release|Any CPU.Build.0 = Release|Any CPU
		{B1C92AD5-01F0-4B69-AF4E-FAC408BB337C}.Debug|Any CPU.ActiveCfg = Debug|Any CPU
		{B1C92AD5-01F0-4B69-AF4E-FAC408BB337C}.Debug|Any CPU.Build.0 = Debug|Any CPU
		{B1C92AD5-01F0-4B69-AF4E-FAC408BB337C}.Release|Any CPU.ActiveCfg = Release|Any CPU
		{B1C92AD5-01F0-4B69-AF4E-FAC408BB337C}.Release|Any CPU.Build.0 = Release|Any CPU
		{65F7206B-427D-4644-A5CC-344085B2CFAC}.Debug|Any CPU.ActiveCfg = Debug|Any CPU
		{65F7206B-427D-4644-A5CC-344085B2CFAC}.Debug|Any CPU.Build.0 = Debug|Any CPU
		{65F7206B-427D-4644-A5CC-344085B2CFAC}.Release|Any CPU.ActiveCfg = Release|Any CPU
		{65F7206B-427D-4644-A5CC-344085B2CFAC}.Release|Any CPU.Build.0 = Release|Any CPU
		{EAFB5221-237B-4DE7-A75F-BA33B654951B}.Debug|Any CPU.ActiveCfg = Debug|Any CPU
		{EAFB5221-237B-4DE7-A75F-BA33B654951B}.Debug|Any CPU.Build.0 = Debug|Any CPU
		{EAFB5221-237B-4DE7-A75F-BA33B654951B}.Release|Any CPU.ActiveCfg = Release|Any CPU
		{EAFB5221-237B-4DE7-A75F-BA33B654951B}.Release|Any CPU.Build.0 = Release|Any CPU
		{13BD1E17-1F4E-4D61-8740-F8CB39552AA0}.Debug|Any CPU.ActiveCfg = Debug|Any CPU
		{13BD1E17-1F4E-4D61-8740-F8CB39552AA0}.Debug|Any CPU.Build.0 = Debug|Any CPU
		{13BD1E17-1F4E-4D61-8740-F8CB39552AA0}.Release|Any CPU.ActiveCfg = Release|Any CPU
		{13BD1E17-1F4E-4D61-8740-F8CB39552AA0}.Release|Any CPU.Build.0 = Release|Any CPU
		{497E5EEA-8DAA-452B-A9A6-A4766898FE0B}.Debug|Any CPU.ActiveCfg = Debug|Any CPU
		{497E5EEA-8DAA-452B-A9A6-A4766898FE0B}.Debug|Any CPU.Build.0 = Debug|Any CPU
		{497E5EEA-8DAA-452B-A9A6-A4766898FE0B}.Release|Any CPU.ActiveCfg = Release|Any CPU
		{497E5EEA-8DAA-452B-A9A6-A4766898FE0B}.Release|Any CPU.Build.0 = Release|Any CPU
		{9C2D4024-243D-4AE8-93AD-872F1E457AF3}.Debug|Any CPU.ActiveCfg = Debug|Any CPU
		{9C2D4024-243D-4AE8-93AD-872F1E457AF3}.Debug|Any CPU.Build.0 = Debug|Any CPU
		{9C2D4024-243D-4AE8-93AD-872F1E457AF3}.Release|Any CPU.ActiveCfg = Release|Any CPU
		{9C2D4024-243D-4AE8-93AD-872F1E457AF3}.Release|Any CPU.Build.0 = Release|Any CPU
	EndGlobalSection
	GlobalSection(SolutionProperties) = preSolution
		HideSolutionNode = FALSE
	EndGlobalSection
	GlobalSection(NestedProjects) = preSolution
		{E5D41D1B-B9F5-4E64-9351-2DC18759A4A8} = {40D0C83D-E812-49BA-9259-0DE2D68C97C1}
		{372EB104-48F2-48C3-9585-FFDBA6E1C641} = {40D0C83D-E812-49BA-9259-0DE2D68C97C1}
		{237CC1BE-BE76-430C-A1D7-248070FE7438} = {0BB504AF-3F86-4D49-BEF3-B98F6C871DA0}
		{40D0C83D-E812-49BA-9259-0DE2D68C97C1} = {23B5EFF8-54FF-4DDE-93A3-F79EABCBBABD}
		{C6279A88-5541-4DD9-BFB9-38C5DFEA2235} = {23B5EFF8-54FF-4DDE-93A3-F79EABCBBABD}
		{0BB504AF-3F86-4D49-BEF3-B98F6C871DA0} = {23B5EFF8-54FF-4DDE-93A3-F79EABCBBABD}
		{7687E5AE-4393-4013-9EA9-607AF87FD8B3} = {23B5EFF8-54FF-4DDE-93A3-F79EABCBBABD}
		{541FFF2F-7157-4280-8378-2501324E6069} = {40D0C83D-E812-49BA-9259-0DE2D68C97C1}
		{064CA8A7-26FE-4275-A0B8-F7FD2B7BC6CB} = {0BB504AF-3F86-4D49-BEF3-B98F6C871DA0}
		{E8F70F2E-D67A-49AD-A361-D41718699733} = {C6279A88-5541-4DD9-BFB9-38C5DFEA2235}
		{8E4FA622-140D-4E02-AEC9-8B16C47DF389} = {C6279A88-5541-4DD9-BFB9-38C5DFEA2235}
		{BC88E90E-3054-4E0C-B5E1-DF337BC22231} = {0BB504AF-3F86-4D49-BEF3-B98F6C871DA0}
		{0CF2B815-0724-48DD-8F14-CBE5C68844BF} = {0BB504AF-3F86-4D49-BEF3-B98F6C871DA0}
		{B1C92AD5-01F0-4B69-AF4E-FAC408BB337C} = {7687E5AE-4393-4013-9EA9-607AF87FD8B3}
		{65F7206B-427D-4644-A5CC-344085B2CFAC} = {0BB504AF-3F86-4D49-BEF3-B98F6C871DA0}
		{EAFB5221-237B-4DE7-A75F-BA33B654951B} = {0BB504AF-3F86-4D49-BEF3-B98F6C871DA0}
		{13BD1E17-1F4E-4D61-8740-F8CB39552AA0} = {C6279A88-5541-4DD9-BFB9-38C5DFEA2235}
		{C5F08EB1-15F3-4F26-AA1B-B66E16108109} = {23B5EFF8-54FF-4DDE-93A3-F79EABCBBABD}
		{497E5EEA-8DAA-452B-A9A6-A4766898FE0B} = {C5F08EB1-15F3-4F26-AA1B-B66E16108109}
		{9C2D4024-243D-4AE8-93AD-872F1E457AF3} = {C5F08EB1-15F3-4F26-AA1B-B66E16108109}
	EndGlobalSection
EndGlobal
